
Microsoft Visual Studio Solution File, Format Version 12.00
# Visual Studio Version 17
VisualStudioVersion = 17.2.32630.192
MinimumVisualStudioVersion = 10.0.40219.1
Project("{2150E333-8FDC-42A3-9474-1A3956D46DE8}") = "Services", "Services", "{935BDE80-B41B-4D42-9164-1E7E6AB96CE4}"
EndProject
Project("{2150E333-8FDC-42A3-9474-1A3956D46DE8}") = "Catalog", "Catalog", "{68F84E63-B43B-439E-8E2F-1574D3ECF4BF}"
EndProject
Project("{2150E333-8FDC-42A3-9474-1A3956D46DE8}") = "Solution Items", "Solution Items", "{C86041FF-4804-4D4C-9960-ED19C617F6CA}"
	ProjectSection(SolutionItems) = preProject
		Port.txt = Port.txt
	EndProjectSection
EndProject
Project("{2150E333-8FDC-42A3-9474-1A3956D46DE8}") = "Shared", "Shared", "{4CD051C4-4C4C-469A-97BA-9CACD07700B8}"
EndProject
Project("{9A19103F-16F7-4668-BE54-9A1E7A4F7556}") = "UMicro.Shared", "Shared\UMicro.Shared\UMicro.Shared.csproj", "{4B536E97-B7BD-45D9-ADAF-12C8B0956BF1}"
EndProject
Project("{2150E333-8FDC-42A3-9474-1A3956D46DE8}") = "IdentityServer", "IdentityServer", "{308ED70D-80DF-4ED1-81CD-E6D82BCABF65}"
EndProject
Project("{9A19103F-16F7-4668-BE54-9A1E7A4F7556}") = "UMicro.IdentityServer", "IdentityServer\UMicro.IdentityServer\UMicro.IdentityServer.csproj", "{D632F28B-F47D-4110-87B6-7C52B9AB92B7}"
EndProject
Project("{2150E333-8FDC-42A3-9474-1A3956D46DE8}") = "PhotoStock", "PhotoStock", "{943368CF-F250-4F47-A8B3-9DB348AF857B}"
EndProject
Project("{9A19103F-16F7-4668-BE54-9A1E7A4F7556}") = "UMicro.Services.PhotoStock", "Services\PhotoStocks\UMicro.Services.PhotoStock\UMicro.Services.PhotoStock.csproj", "{2A2FBD11-0BE3-4F59-93D8-BCA8C5FD6D20}"
EndProject
Project("{2150E333-8FDC-42A3-9474-1A3956D46DE8}") = "Basket", "Basket", "{2797B2F9-0B06-468D-936D-56669AB9DB8E}"
EndProject
Project("{9A19103F-16F7-4668-BE54-9A1E7A4F7556}") = "UMicro.Services.Basket", "Services\Basket\UMicro.Services.Basket\UMicro.Services.Basket.csproj", "{D08D4352-93EA-4C0F-8121-98DDDE724981}"
EndProject
Project("{2150E333-8FDC-42A3-9474-1A3956D46DE8}") = "Discount", "Discount", "{88E59739-4B30-404A-8CD8-0A16F133733F}"
EndProject
Project("{9A19103F-16F7-4668-BE54-9A1E7A4F7556}") = "UMicro.Services.Discount", "Services\Discount\UMicro.Services.Discount\UMicro.Services.Discount.csproj", "{CC664653-517D-46E3-A7D9-9295C4CEEB00}"
EndProject
Project("{2150E333-8FDC-42A3-9474-1A3956D46DE8}") = "Order", "Order", "{AB8D91C2-6E39-4A04-A334-5486279B3711}"
EndProject
Project("{9A19103F-16F7-4668-BE54-9A1E7A4F7556}") = "UMicro.Services.Order.API", "Services\Order\UMicro.Services.Order.API\UMicro.Services.Order.API.csproj", "{6D30D14E-601B-4451-865B-474D9DC301AB}"
EndProject
Project("{9A19103F-16F7-4668-BE54-9A1E7A4F7556}") = "UMicro.Services.Order.Domain", "Services\Order\UMicro.Services.Order.Domain\UMicro.Services.Order.Domain.csproj", "{9392FC93-10A9-4DE1-ABA5-7B139264DFF8}"
EndProject
Project("{9A19103F-16F7-4668-BE54-9A1E7A4F7556}") = "UMicro.Services.Order.Domain.Core", "Services\Order\UMicro.Services.Order.Domain.Core\UMicro.Services.Order.Domain.Core.csproj", "{4721CE0C-DEFF-4036-BCFE-C4D823C08EFF}"
EndProject
Project("{9A19103F-16F7-4668-BE54-9A1E7A4F7556}") = "UMicro.Services.Order.Infrastructure", "Services\Order\UMicro.Services.Order.Infrastructure\UMicro.Services.Order.Infrastructure.csproj", "{8F047DEA-DE4D-4C57-9087-3A73A906AF49}"
EndProject
Project("{2150E333-8FDC-42A3-9474-1A3956D46DE8}") = "FakePayment", "FakePayment", "{E0B14B7E-AFD8-4090-845F-B49C4BE5BD52}"
EndProject
Project("{9A19103F-16F7-4668-BE54-9A1E7A4F7556}") = "UMicro.Services.FakePayment", "Services\FakePayment\UMicro.Services.FakePayment\UMicro.Services.FakePayment.csproj", "{FBA2E66E-1832-47A6-B3E5-A17976B8D143}"
EndProject
Project("{9A19103F-16F7-4668-BE54-9A1E7A4F7556}") = "UMicro.Services.Order.Application", "Services\Order\UMicro.Services.Order.Application\UMicro.Services.Order.Application.csproj", "{7B5FD2DC-37D9-45D2-9D13-4C59AE13E82A}"
EndProject
Project("{2150E333-8FDC-42A3-9474-1A3956D46DE8}") = "Gateways", "Gateways", "{A73F5992-04ED-4BD3-B817-1BD345846241}"
EndProject
Project("{9A19103F-16F7-4668-BE54-9A1E7A4F7556}") = "UMicro.Gateway", "Gateways\UMicro.Gateway\UMicro.Gateway.csproj", "{3ABA0358-145E-4390-ADAB-7EFFAD75BCF8}"
EndProject
Project("{2150E333-8FDC-42A3-9474-1A3956D46DE8}") = "Frontends", "Frontends", "{1FF597C8-EAD9-41FC-B078-B13800323F14}"
EndProject
Project("{9A19103F-16F7-4668-BE54-9A1E7A4F7556}") = "UMicro.Web", "Frontends\UMicro.Web\UMicro.Web.csproj", "{D573B996-09D0-4794-9293-73B839BB78CF}"
EndProject
Project("{9A19103F-16F7-4668-BE54-9A1E7A4F7556}") = "UMicro.Services.Catalog", "Services\Catalog\UMicro.Services.Catalog\UMicro.Services.Catalog.csproj", "{A80E5275-04FD-410A-BE49-98D3B4CD82AD}"
EndProject
Global
	GlobalSection(SolutionConfigurationPlatforms) = preSolution
		Debug|Any CPU = Debug|Any CPU
		Release|Any CPU = Release|Any CPU
	EndGlobalSection
	GlobalSection(ProjectConfigurationPlatforms) = postSolution
		{4B536E97-B7BD-45D9-ADAF-12C8B0956BF1}.Debug|Any CPU.ActiveCfg = Debug|Any CPU
		{4B536E97-B7BD-45D9-ADAF-12C8B0956BF1}.Debug|Any CPU.Build.0 = Debug|Any CPU
		{4B536E97-B7BD-45D9-ADAF-12C8B0956BF1}.Release|Any CPU.ActiveCfg = Release|Any CPU
		{4B536E97-B7BD-45D9-ADAF-12C8B0956BF1}.Release|Any CPU.Build.0 = Release|Any CPU
		{D632F28B-F47D-4110-87B6-7C52B9AB92B7}.Debug|Any CPU.ActiveCfg = Debug|Any CPU
		{D632F28B-F47D-4110-87B6-7C52B9AB92B7}.Debug|Any CPU.Build.0 = Debug|Any CPU
		{D632F28B-F47D-4110-87B6-7C52B9AB92B7}.Release|Any CPU.ActiveCfg = Release|Any CPU
		{D632F28B-F47D-4110-87B6-7C52B9AB92B7}.Release|Any CPU.Build.0 = Release|Any CPU
		{2A2FBD11-0BE3-4F59-93D8-BCA8C5FD6D20}.Debug|Any CPU.ActiveCfg = Debug|Any CPU
		{2A2FBD11-0BE3-4F59-93D8-BCA8C5FD6D20}.Debug|Any CPU.Build.0 = Debug|Any CPU
		{2A2FBD11-0BE3-4F59-93D8-BCA8C5FD6D20}.Release|Any CPU.ActiveCfg = Release|Any CPU
		{2A2FBD11-0BE3-4F59-93D8-BCA8C5FD6D20}.Release|Any CPU.Build.0 = Release|Any CPU
		{D08D4352-93EA-4C0F-8121-98DDDE724981}.Debug|Any CPU.ActiveCfg = Debug|Any CPU
		{D08D4352-93EA-4C0F-8121-98DDDE724981}.Debug|Any CPU.Build.0 = Debug|Any CPU
		{D08D4352-93EA-4C0F-8121-98DDDE724981}.Release|Any CPU.ActiveCfg = Release|Any CPU
		{D08D4352-93EA-4C0F-8121-98DDDE724981}.Release|Any CPU.Build.0 = Release|Any CPU
		{CC664653-517D-46E3-A7D9-9295C4CEEB00}.Debug|Any CPU.ActiveCfg = Debug|Any CPU
		{CC664653-517D-46E3-A7D9-9295C4CEEB00}.Debug|Any CPU.Build.0 = Debug|Any CPU
		{CC664653-517D-46E3-A7D9-9295C4CEEB00}.Release|Any CPU.ActiveCfg = Release|Any CPU
		{CC664653-517D-46E3-A7D9-9295C4CEEB00}.Release|Any CPU.Build.0 = Release|Any CPU
		{6D30D14E-601B-4451-865B-474D9DC301AB}.Debug|Any CPU.ActiveCfg = Debug|Any CPU
		{6D30D14E-601B-4451-865B-474D9DC301AB}.Debug|Any CPU.Build.0 = Debug|Any CPU
		{6D30D14E-601B-4451-865B-474D9DC301AB}.Release|Any CPU.ActiveCfg = Release|Any CPU
		{6D30D14E-601B-4451-865B-474D9DC301AB}.Release|Any CPU.Build.0 = Release|Any CPU
		{9392FC93-10A9-4DE1-ABA5-7B139264DFF8}.Debug|Any CPU.ActiveCfg = Debug|Any CPU
		{9392FC93-10A9-4DE1-ABA5-7B139264DFF8}.Debug|Any CPU.Build.0 = Debug|Any CPU
		{9392FC93-10A9-4DE1-ABA5-7B139264DFF8}.Release|Any CPU.ActiveCfg = Release|Any CPU
		{9392FC93-10A9-4DE1-ABA5-7B139264DFF8}.Release|Any CPU.Build.0 = Release|Any CPU
		{4721CE0C-DEFF-4036-BCFE-C4D823C08EFF}.Debug|Any CPU.ActiveCfg = Debug|Any CPU
		{4721CE0C-DEFF-4036-BCFE-C4D823C08EFF}.Debug|Any CPU.Build.0 = Debug|Any CPU
		{4721CE0C-DEFF-4036-BCFE-C4D823C08EFF}.Release|Any CPU.ActiveCfg = Release|Any CPU
		{4721CE0C-DEFF-4036-BCFE-C4D823C08EFF}.Release|Any CPU.Build.0 = Release|Any CPU
		{8F047DEA-DE4D-4C57-9087-3A73A906AF49}.Debug|Any CPU.ActiveCfg = Debug|Any CPU
		{8F047DEA-DE4D-4C57-9087-3A73A906AF49}.Debug|Any CPU.Build.0 = Debug|Any CPU
		{8F047DEA-DE4D-4C57-9087-3A73A906AF49}.Release|Any CPU.ActiveCfg = Release|Any CPU
		{8F047DEA-DE4D-4C57-9087-3A73A906AF49}.Release|Any CPU.Build.0 = Release|Any CPU
		{FBA2E66E-1832-47A6-B3E5-A17976B8D143}.Debug|Any CPU.ActiveCfg = Debug|Any CPU
		{FBA2E66E-1832-47A6-B3E5-A17976B8D143}.Debug|Any CPU.Build.0 = Debug|Any CPU
		{FBA2E66E-1832-47A6-B3E5-A17976B8D143}.Release|Any CPU.ActiveCfg = Release|Any CPU
		{FBA2E66E-1832-47A6-B3E5-A17976B8D143}.Release|Any CPU.Build.0 = Release|Any CPU
		{7B5FD2DC-37D9-45D2-9D13-4C59AE13E82A}.Debug|Any CPU.ActiveCfg = Debug|Any CPU
		{7B5FD2DC-37D9-45D2-9D13-4C59AE13E82A}.Debug|Any CPU.Build.0 = Debug|Any CPU
		{7B5FD2DC-37D9-45D2-9D13-4C59AE13E82A}.Release|Any CPU.ActiveCfg = Release|Any CPU
		{7B5FD2DC-37D9-45D2-9D13-4C59AE13E82A}.Release|Any CPU.Build.0 = Release|Any CPU
		{3ABA0358-145E-4390-ADAB-7EFFAD75BCF8}.Debug|Any CPU.ActiveCfg = Debug|Any CPU
		{3ABA0358-145E-4390-ADAB-7EFFAD75BCF8}.Debug|Any CPU.Build.0 = Debug|Any CPU
		{3ABA0358-145E-4390-ADAB-7EFFAD75BCF8}.Release|Any CPU.ActiveCfg = Release|Any CPU
		{3ABA0358-145E-4390-ADAB-7EFFAD75BCF8}.Release|Any CPU.Build.0 = Release|Any CPU
		{D573B996-09D0-4794-9293-73B839BB78CF}.Debug|Any CPU.ActiveCfg = Debug|Any CPU
		{D573B996-09D0-4794-9293-73B839BB78CF}.Debug|Any CPU.Build.0 = Debug|Any CPU
		{D573B996-09D0-4794-9293-73B839BB78CF}.Release|Any CPU.ActiveCfg = Release|Any CPU
		{D573B996-09D0-4794-9293-73B839BB78CF}.Release|Any CPU.Build.0 = Release|Any CPU
		{A80E5275-04FD-410A-BE49-98D3B4CD82AD}.Debug|Any CPU.ActiveCfg = Debug|Any CPU
		{A80E5275-04FD-410A-BE49-98D3B4CD82AD}.Debug|Any CPU.Build.0 = Debug|Any CPU
		{A80E5275-04FD-410A-BE49-98D3B4CD82AD}.Release|Any CPU.ActiveCfg = Release|Any CPU
		{A80E5275-04FD-410A-BE49-98D3B4CD82AD}.Release|Any CPU.Build.0 = Release|Any CPU
	EndGlobalSection
	GlobalSection(SolutionProperties) = preSolution
		HideSolutionNode = FALSE
	EndGlobalSection
	GlobalSection(NestedProjects) = preSolution
		{68F84E63-B43B-439E-8E2F-1574D3ECF4BF} = {935BDE80-B41B-4D42-9164-1E7E6AB96CE4}
		{4B536E97-B7BD-45D9-ADAF-12C8B0956BF1} = {4CD051C4-4C4C-469A-97BA-9CACD07700B8}
		{D632F28B-F47D-4110-87B6-7C52B9AB92B7} = {308ED70D-80DF-4ED1-81CD-E6D82BCABF65}
		{943368CF-F250-4F47-A8B3-9DB348AF857B} = {935BDE80-B41B-4D42-9164-1E7E6AB96CE4}
		{2A2FBD11-0BE3-4F59-93D8-BCA8C5FD6D20} = {943368CF-F250-4F47-A8B3-9DB348AF857B}
		{2797B2F9-0B06-468D-936D-56669AB9DB8E} = {935BDE80-B41B-4D42-9164-1E7E6AB96CE4}
		{D08D4352-93EA-4C0F-8121-98DDDE724981} = {2797B2F9-0B06-468D-936D-56669AB9DB8E}
		{88E59739-4B30-404A-8CD8-0A16F133733F} = {935BDE80-B41B-4D42-9164-1E7E6AB96CE4}
		{CC664653-517D-46E3-A7D9-9295C4CEEB00} = {88E59739-4B30-404A-8CD8-0A16F133733F}
		{AB8D91C2-6E39-4A04-A334-5486279B3711} = {935BDE80-B41B-4D42-9164-1E7E6AB96CE4}
		{6D30D14E-601B-4451-865B-474D9DC301AB} = {AB8D91C2-6E39-4A04-A334-5486279B3711}
		{9392FC93-10A9-4DE1-ABA5-7B139264DFF8} = {AB8D91C2-6E39-4A04-A334-5486279B3711}
		{4721CE0C-DEFF-4036-BCFE-C4D823C08EFF} = {AB8D91C2-6E39-4A04-A334-5486279B3711}
		{8F047DEA-DE4D-4C57-9087-3A73A906AF49} = {AB8D91C2-6E39-4A04-A334-5486279B3711}
		{E0B14B7E-AFD8-4090-845F-B49C4BE5BD52} = {935BDE80-B41B-4D42-9164-1E7E6AB96CE4}
		{FBA2E66E-1832-47A6-B3E5-A17976B8D143} = {E0B14B7E-AFD8-4090-845F-B49C4BE5BD52}
		{7B5FD2DC-37D9-45D2-9D13-4C59AE13E82A} = {AB8D91C2-6E39-4A04-A334-5486279B3711}
		{3ABA0358-145E-4390-ADAB-7EFFAD75BCF8} = {A73F5992-04ED-4BD3-B817-1BD345846241}
		{D573B996-09D0-4794-9293-73B839BB78CF} = {1FF597C8-EAD9-41FC-B078-B13800323F14}
		{A80E5275-04FD-410A-BE49-98D3B4CD82AD} = {68F84E63-B43B-439E-8E2F-1574D3ECF4BF}
	EndGlobalSection
	GlobalSection(ExtensibilityGlobals) = postSolution
		SolutionGuid = {14C0E20A-1EBE-452B-B62F-195887CECD0F}
	EndGlobalSection
EndGlobal
